
Microsoft Visual Studio Solution File, Format Version 12.00
# Visual Studio Version 17
VisualStudioVersion = 17.5.002.0
MinimumVisualStudioVersion = 10.0.40219.1
Project("{2150E333-8FDC-42A3-9474-1A3956D46DE8}") = "CsharpProjects", "CsharpProjects", "{035CCFC6-F899-4E8D-BB31-229412A7A336}"
EndProject
Project("{9A19103F-16F7-4668-BE54-9A1E7A4F7556}") = "TestProject", "CsharpProjects\TestProject\TestProject.csproj", "{C214B7E5-1EAE-42DA-B52C-D7C6C9D55DAC}"
EndProject
Global
	GlobalSection(SolutionConfigurationPlatforms) = preSolution
		Debug|Any CPU = Debug|Any CPU
		Release|Any CPU = Release|Any CPU
	EndGlobalSection
	GlobalSection(ProjectConfigurationPlatforms) = postSolution
		{C214B7E5-1EAE-42DA-B52C-D7C6C9D55DAC}.Debug|Any CPU.ActiveCfg = Debug|Any CPU
		{C214B7E5-1EAE-42DA-B52C-D7C6C9D55DAC}.Debug|Any CPU.Build.0 = Debug|Any CPU
		{C214B7E5-1EAE-42DA-B52C-D7C6C9D55DAC}.Release|Any CPU.ActiveCfg = Release|Any CPU
		{C214B7E5-1EAE-42DA-B52C-D7C6C9D55DAC}.Release|Any CPU.Build.0 = Release|Any CPU
	EndGlobalSection
	GlobalSection(SolutionProperties) = preSolution
		HideSolutionNode = FALSE
	EndGlobalSection
	GlobalSection(NestedProjects) = preSolution
		{C214B7E5-1EAE-42DA-B52C-D7C6C9D55DAC} = {035CCFC6-F899-4E8D-BB31-229412A7A336}
	EndGlobalSection
	GlobalSection(ExtensibilityGlobals) = postSolution
		SolutionGuid = {249FC930-E0A4-4FDF-92AA-0E6BA9225D00}
	EndGlobalSection
EndGlobal
